Microsoft Visual Studio Solution File, Format Version 12.00
# Visual Studio Version 17
VisualStudioVersion = 17.5.2.0
MinimumVisualStudioVersion = 10.0.40219.1
Project("{FAE04EC0-301F-11D3-BF4B-00C04F79EFBC}") = "ChatServerMVC", "ChatServerMVC.csproj", "{99141AF8-4E85-9B4F-7017-C8448FF380CF}"
EndProject
Global
	GlobalSection(SolutionConfigurationPlatforms) = preSolution
		Debug|Any CPU = Debug|Any CPU
		Release|Any CPU = Release|Any CPU
	EndGlobalSection
	GlobalSection(ProjectConfigurationPlatforms) = postSolution
		{99141AF8-4E85-9B4F-7017-C8448FF380CF}.Debug|Any CPU.ActiveCfg = Debug|Any CPU
		{99141AF8-4E85-9B4F-7017-C8448FF380CF}.Debug|Any CPU.Build.0 = Debug|Any CPU
		{99141AF8-4E85-9B4F-7017-C8448FF380CF}.Release|Any CPU.ActiveCfg = Release|Any CPU
		{99141AF8-4E85-9B4F-7017-C8448FF380CF}.Release|Any CPU.Build.0 = Release|Any CPU
	EndGlobalSection
	GlobalSection(SolutionProperties) = preSolution
		HideSolutionNode = FALSE
	EndGlobalSection
	GlobalSection(ExtensibilityGlobals) = postSolution
		SolutionGuid = {222F2B0D-F331-47FA-8F9C-9013093D36C9}
	EndGlobalSection
EndGlobal
